{
  "requires": true,
  "lockfileVersion": 1,
  "dependencies": {
    "index": {
      "version": "0.4.0",
      "resolved": "http://pnpm.baidu.com/index/-/index-0.4.0.tgz",
      "integrity": "sha1-6aaxyEBPKqi0T1LG7dSAXHDBz3U=",
      "requires": {
        "step": "1.0.0"
      }
    },
    "step": {
      "version": "1.0.0",
      "resolved": "http://pnpm.baidu.com/step/-/step-1.0.0.tgz",
      "integrity": "sha1-swDp0q6QV9TXhjOq4jA4E6lL3/I="
    }
  }
}
